
Microsoft Visual Studio Solution File, Format Version 12.00
# Visual Studio Version 16
VisualStudioVersion = 16.0.30114.105
MinimumVisualStudioVersion = 10.0.40219.1
Project("{FAE04EC0-301F-11D3-BF4B-00C04F79EFBC}") = "Collapsenav.Net.Tool.WebApi", "Collapsenav.Net.Tool.WebApi\Collapsenav.Net.Tool.WebApi.csproj", "{C0285A85-7ACC-4018-8B28-8786727515AE}"
EndProject
Project("{FAE04EC0-301F-11D3-BF4B-00C04F79EFBC}") = "Collapsenav.Net.Tool.WebApi.Core", "Collapsenav.Net.Tool.WebApi.Core\Collapsenav.Net.Tool.WebApi.Core.csproj", "{68D1DDB0-338B-43BA-B83F-56776E04E159}"
EndProject
Project("{FAE04EC0-301F-11D3-BF4B-00C04F79EFBC}") = "Collapsenav.Net.Tool.Swagger", "Collapsenav.Net.Tool.Swagger\Collapsenav.Net.Tool.Swagger.csproj", "{569A1DAB-C58E-405C-A1A3-2EE22D12B74A}"
EndProject
Project("{FAE04EC0-301F-11D3-BF4B-00C04F79EFBC}") = "Collapsenav.Net.Tool.WebApi.Test", "Test\Collapsenav.Net.Tool.WebApi.Test.csproj", "{302B2AAB-6AA7-4B5B-9F4E-D304C8356297}"
EndProject
Project("{FAE04EC0-301F-11D3-BF4B-00C04F79EFBC}") = "Collapsenav.Net.Tool.AutoInject.Controller", "Collapsenav.Net.Tool.AutoInject.Controller\Collapsenav.Net.Tool.AutoInject.Controller.csproj", "{E772D0D9-EA12-4849-9DB1-F250211A5239}"
EndProject
Project("{FAE04EC0-301F-11D3-BF4B-00C04F79EFBC}") = "Collapsenav.Net.Tool.DynamicApi", "Collapsenav.Net.Tool.DynamicApi\Collapsenav.Net.Tool.DynamicApi.csproj", "{B4C17110-642F-442D-ADC9-C098A2C4790D}"
EndProject
Project("{2150E333-8FDC-42A3-9474-1A3956D46DE8}") = "Demo", "Demo", "{D55B8CE6-6972-45A6-832C-466197A80A65}"
EndProject
Project("{FAE04EC0-301F-11D3-BF4B-00C04F79EFBC}") = "Dto", "Demo\Dto\Dto.csproj", "{06621F0C-0AFE-454B-8B8F-00CFFDAB7B03}"
EndProject
Project("{FAE04EC0-301F-11D3-BF4B-00C04F79EFBC}") = "AutoInjectWebApiDemo", "Demo\AutoInjectWebApiDemo\AutoInjectWebApiDemo.csproj", "{BB37B4CF-E5A9-4104-94EF-EBE02FD12A1D}"
EndProject
Project("{FAE04EC0-301F-11D3-BF4B-00C04F79EFBC}") = "DynamicWebApi", "Demo\DynamicWebApi\DynamicWebApi.csproj", "{947AE122-85FE-40BB-863E-CF25BAE5BAA5}"
EndProject
Project("{FAE04EC0-301F-11D3-BF4B-00C04F79EFBC}") = "EmitDynamicApiDemo", "Demo\EmitDynamicApiDemo\EmitDynamicApiDemo.csproj", "{2E84773B-D679-45FC-828C-6CB34C330CAC}"
EndProject
Project("{FAE04EC0-301F-11D3-BF4B-00C04F79EFBC}") = "EntityLib", "Demo\EntityLib\EntityLib.csproj", "{2D46A935-7142-4C59-8AE4-253D142C0FE7}"
EndProject
Project("{FAE04EC0-301F-11D3-BF4B-00C04F79EFBC}") = "SimpleWebApiDemo", "Demo\SimpleWebApiDemo\SimpleWebApiDemo.csproj", "{86F8D76E-628A-44F1-9247-2FCCD67BA1D6}"
EndProject
Global
	GlobalSection(SolutionConfigurationPlatforms) = preSolution
		Debug|Any CPU = Debug|Any CPU
		Release|Any CPU = Release|Any CPU
	EndGlobalSection
	GlobalSection(SolutionProperties) = preSolution
		HideSolutionNode = FALSE
	EndGlobalSection
	GlobalSection(ProjectConfigurationPlatforms) = postSolution
		{C0285A85-7ACC-4018-8B28-8786727515AE}.Debug|Any CPU.ActiveCfg = Debug|Any CPU
		{C0285A85-7ACC-4018-8B28-8786727515AE}.Debug|Any CPU.Build.0 = Debug|Any CPU
		{C0285A85-7ACC-4018-8B28-8786727515AE}.Release|Any CPU.ActiveCfg = Release|Any CPU
		{C0285A85-7ACC-4018-8B28-8786727515AE}.Release|Any CPU.Build.0 = Release|Any CPU
		{68D1DDB0-338B-43BA-B83F-56776E04E159}.Debug|Any CPU.ActiveCfg = Debug|Any CPU
		{68D1DDB0-338B-43BA-B83F-56776E04E159}.Debug|Any CPU.Build.0 = Debug|Any CPU
		{68D1DDB0-338B-43BA-B83F-56776E04E159}.Release|Any CPU.ActiveCfg = Release|Any CPU
		{68D1DDB0-338B-43BA-B83F-56776E04E159}.Release|Any CPU.Build.0 = Release|Any CPU
		{569A1DAB-C58E-405C-A1A3-2EE22D12B74A}.Debug|Any CPU.ActiveCfg = Debug|Any CPU
		{569A1DAB-C58E-405C-A1A3-2EE22D12B74A}.Debug|Any CPU.Build.0 = Debug|Any CPU
		{569A1DAB-C58E-405C-A1A3-2EE22D12B74A}.Release|Any CPU.ActiveCfg = Release|Any CPU
		{569A1DAB-C58E-405C-A1A3-2EE22D12B74A}.Release|Any CPU.Build.0 = Release|Any CPU
		{302B2AAB-6AA7-4B5B-9F4E-D304C8356297}.Debug|Any CPU.ActiveCfg = Debug|Any CPU
		{302B2AAB-6AA7-4B5B-9F4E-D304C8356297}.Debug|Any CPU.Build.0 = Debug|Any CPU
		{302B2AAB-6AA7-4B5B-9F4E-D304C8356297}.Release|Any CPU.ActiveCfg = Release|Any CPU
		{302B2AAB-6AA7-4B5B-9F4E-D304C8356297}.Release|Any CPU.Build.0 = Release|Any CPU
		{E772D0D9-EA12-4849-9DB1-F250211A5239}.Debug|Any CPU.ActiveCfg = Debug|Any CPU
		{E772D0D9-EA12-4849-9DB1-F250211A5239}.Debug|Any CPU.Build.0 = Debug|Any CPU
		{E772D0D9-EA12-4849-9DB1-F250211A5239}.Release|Any CPU.ActiveCfg = Release|Any CPU
		{E772D0D9-EA12-4849-9DB1-F250211A5239}.Release|Any CPU.Build.0 = Release|Any CPU
		{B4C17110-642F-442D-ADC9-C098A2C4790D}.Debug|Any CPU.ActiveCfg = Debug|Any CPU
		{B4C17110-642F-442D-ADC9-C098A2C4790D}.Debug|Any CPU.Build.0 = Debug|Any CPU
		{B4C17110-642F-442D-ADC9-C098A2C4790D}.Release|Any CPU.ActiveCfg = Release|Any CPU
		{B4C17110-642F-442D-ADC9-C098A2C4790D}.Release|Any CPU.Build.0 = Release|Any CPU
		{06621F0C-0AFE-454B-8B8F-00CFFDAB7B03}.Debug|Any CPU.ActiveCfg = Debug|Any CPU
		{06621F0C-0AFE-454B-8B8F-00CFFDAB7B03}.Debug|Any CPU.Build.0 = Debug|Any CPU
		{06621F0C-0AFE-454B-8B8F-00CFFDAB7B03}.Release|Any CPU.ActiveCfg = Release|Any CPU
		{06621F0C-0AFE-454B-8B8F-00CFFDAB7B03}.Release|Any CPU.Build.0 = Release|Any CPU
		{BB37B4CF-E5A9-4104-94EF-EBE02FD12A1D}.Debug|Any CPU.ActiveCfg = Debug|Any CPU
		{BB37B4CF-E5A9-4104-94EF-EBE02FD12A1D}.Debug|Any CPU.Build.0 = Debug|Any CPU
		{BB37B4CF-E5A9-4104-94EF-EBE02FD12A1D}.Release|Any CPU.ActiveCfg = Release|Any CPU
		{BB37B4CF-E5A9-4104-94EF-EBE02FD12A1D}.Release|Any CPU.Build.0 = Release|Any CPU
		{947AE122-85FE-40BB-863E-CF25BAE5BAA5}.Debug|Any CPU.ActiveCfg = Debug|Any CPU
		{947AE122-85FE-40BB-863E-CF25BAE5BAA5}.Debug|Any CPU.Build.0 = Debug|Any CPU
		{947AE122-85FE-40BB-863E-CF25BAE5BAA5}.Release|Any CPU.ActiveCfg = Release|Any CPU
		{947AE122-85FE-40BB-863E-CF25BAE5BAA5}.Release|Any CPU.Build.0 = Release|Any CPU
		{2E84773B-D679-45FC-828C-6CB34C330CAC}.Debug|Any CPU.ActiveCfg = Debug|Any CPU
		{2E84773B-D679-45FC-828C-6CB34C330CAC}.Debug|Any CPU.Build.0 = Debug|Any CPU
		{2E84773B-D679-45FC-828C-6CB34C330CAC}.Release|Any CPU.ActiveCfg = Release|Any CPU
		{2E84773B-D679-45FC-828C-6CB34C330CAC}.Release|Any CPU.Build.0 = Release|Any CPU
		{2D46A935-7142-4C59-8AE4-253D142C0FE7}.Debug|Any CPU.ActiveCfg = Debug|Any CPU
		{2D46A935-7142-4C59-8AE4-253D142C0FE7}.Debug|Any CPU.Build.0 = Debug|Any CPU
		{2D46A935-7142-4C59-8AE4-253D142C0FE7}.Release|Any CPU.ActiveCfg = Release|Any CPU
		{2D46A935-7142-4C59-8AE4-253D142C0FE7}.Release|Any CPU.Build.0 = Release|Any CPU
		{86F8D76E-628A-44F1-9247-2FCCD67BA1D6}.Debug|Any CPU.ActiveCfg = Debug|Any CPU
		{86F8D76E-628A-44F1-9247-2FCCD67BA1D6}.Debug|Any CPU.Build.0 = Debug|Any CPU
		{86F8D76E-628A-44F1-9247-2FCCD67BA1D6}.Release|Any CPU.ActiveCfg = Release|Any CPU
		{86F8D76E-628A-44F1-9247-2FCCD67BA1D6}.Release|Any CPU.Build.0 = Release|Any CPU
	EndGlobalSection
	GlobalSection(NestedProjects) = preSolution
		{06621F0C-0AFE-454B-8B8F-00CFFDAB7B03} = {D55B8CE6-6972-45A6-832C-466197A80A65}
		{BB37B4CF-E5A9-4104-94EF-EBE02FD12A1D} = {D55B8CE6-6972-45A6-832C-466197A80A65}
		{947AE122-85FE-40BB-863E-CF25BAE5BAA5} = {D55B8CE6-6972-45A6-832C-466197A80A65}
		{2E84773B-D679-45FC-828C-6CB34C330CAC} = {D55B8CE6-6972-45A6-832C-466197A80A65}
		{2D46A935-7142-4C59-8AE4-253D142C0FE7} = {D55B8CE6-6972-45A6-832C-466197A80A65}
		{86F8D76E-628A-44F1-9247-2FCCD67BA1D6} = {D55B8CE6-6972-45A6-832C-466197A80A65}
	EndGlobalSection
EndGlobal
